<?xml version="1.0" encoding="utf-8"?>
<Project ToolsVersion="4.0" xmlns="http://schemas.microsoft.com/developer/msbuild/2003">
  <ItemGroup>
    <ClCompile Include="ClientSession.cpp" />
    <ClCompile Include="Components.cpp" />
    <ClCompile Include="Multicast.cpp" />
    <ClCompile Include="MyForm.cpp" />
    <ClCompile Include="ServerSession.cpp" />
    <ClCompile Include="Shared.cpp" />
    <ClCompile Include="Media.cpp" />
  </ItemGroup>
  <ItemGroup>
    <ClInclude Include="ClientGUI.h" />
    <ClInclude Include="MyForm.h" />
    <ClInclude Include="ServerGUI.h" />
    <ClInclude Include="Components.h">
      <Filter>Headers</Filter>
    </ClInclude>
    <ClInclude Include="resource.h">
      <Filter>Headers</Filter>
    </ClInclude>
    <ClInclude Include="SmallStructs.h">
      <Filter>Headers</Filter>
    </ClInclude>
    <ClInclude Include="Master.h">
      <Filter>Headers</Filter>
    </ClInclude>
    <ClInclude Include="GlobalShared.h">
      <Filter>Headers</Filter>
    </ClInclude>
  </ItemGroup>
  <ItemGroup>
    <EmbeddedResource Include="ClientGUI.resx" />
    <EmbeddedResource Include="ServerGUI.resx" />
  </ItemGroup>
  <ItemGroup>
    <None Include="ClassDiagram.cd" />
  </ItemGroup>
  <ItemGroup>
    <Filter Include="Headers">
      <UniqueIdentifier>{01ee9cbe-3cbd-44d6-b4ad-2f983abcb925}</UniqueIdentifier>
    </Filter>
    <Filter Include="Resources">
      <UniqueIdentifier>{8dbcc41a-d2da-49da-92a2-40b6f177cdbc}</UniqueIdentifier>
    </Filter>
  </ItemGroup>
  <ItemGroup>
    <ResourceCompile Include="CommAudio.rc">
      <Filter>Resources</Filter>
    </ResourceCompile>
  </ItemGroup>
</Project>